// !$*UTF8*$!
{
	archiveVersion = 1;
	classes = {
	};
	objectVersion = 56;
	objects = {

/* Begin PBXBuildFile section */
		85B50FC32A4AC90D00652106 /* stargazingApp.swift in Sources */ = {isa = PBXBuildFile; fileRef = 85B50FC22A4AC90D00652106 /* stargazingApp.swift */; };
		85B50FC52A4AC90D00652106 /* ContentView.swift in Sources */ = {isa = PBXBuildFile; fileRef = 85B50FC42A4AC90D00652106 /* ContentView.swift */; };
		85B50FC72A4AC90D00652106 /* Assets.xcassets in Resources */ = {isa = PBXBuildFile; fileRef = 85B50FC62A4AC90D00652106 /* Assets.xcassets */; };
		85B50FCA2A4AC90D00652106 /* Preview Assets.xcassets in Resources */ = {isa = PBXBuildFile; fileRef = 85B50FC92A4AC90D00652106 /* Preview Assets.xcassets */; };
		85B50FCC2A4AC90D00652106 /* Persistence.swift in Sources */ = {isa = PBXBuildFile; fileRef = 85B50FCB2A4AC90D00652106 /* Persistence.swift */; };
		85B50FCF2A4AC90D00652106 /* stargazing.xcdatamodeld in Sources */ = {isa = PBXBuildFile; fileRef = 85B50FCD2A4AC90D00652106 /* stargazing.xcdatamodeld */; };
		85B50FD72A4ADF1E00652106 /* Model3DView in Frameworks */ = {isa = PBXBuildFile; productRef = 85B50FD62A4ADF1E00652106 /* Model3DView */; };
		85B50FDE2A4AE23200652106 /* scene.gltf in Resources */ = {isa = PBXBuildFile; fileRef = 85B50FDC2A4AE23200652106 /* scene.gltf */; };
		85B50FDF2A4AE23200652106 /* scene.bin in Resources */ = {isa = PBXBuildFile; fileRef = 85B50FDD2A4AE23200652106 /* scene.bin */; };
		85B50FE12A4AE29300652106 /* base.png in Resources */ = {isa = PBXBuildFile; fileRef = 85B50FE02A4AE29300652106 /* base.png */; };
/* End PBXBuildFile section */

/* Begin PBXFileReference section */
		85B50FBF2A4AC90D00652106 /* stargazing.app */ = {isa = PBXFileReference; explicitFileType = wrapper.application; includeInIndex = 0; path = stargazing.app; sourceTree = BUILT_PRODUCTS_DIR; };
		85B50FC22A4AC90D00652106 /* stargazingApp.swift */ = {isa = PBXFileReference; lastKnownFileType = sourcecode.swift; path = stargazingApp.swift; sourceTree = "<group>"; };
		85B50FC42A4AC90D00652106 /* ContentView.swift */ = {isa = PBXFileReference; lastKnownFileType = sourcecode.swift; path = ContentView.swift; sourceTree = "<group>"; };
		85B50FC62A4AC90D00652106 /* Assets.xcassets */ = {isa = PBXFileReference; lastKnownFileType = folder.assetcatalog; path = Assets.xcassets; sourceTree = "<group>"; };
		85B50FC92A4AC90D00652106 /* Preview Assets.xcassets */ = {isa = PBXFileReference; lastKnownFileType = folder.assetcatalog; path = "Preview Assets.xcassets"; sourceTree = "<group>"; };
		85B50FCB2A4AC90D00652106 /* Persistence.swift */ = {isa = PBXFileReference; lastKnownFileType = sourcecode.swift; path = Persistence.swift; sourceTree = "<group>"; };
		85B50FCE2A4AC90D00652106 /* stargazing.xcdatamodel */ = {isa = PBXFileReference; lastKnownFileType = wrapper.xcdatamodel; path = stargazing.xcdatamodel; sourceTree = "<group>"; };
		85B50FDC2A4AE23200652106 /* scene.gltf */ = {isa = PBXFileReference; fileEncoding = 4; lastKnownFileType = text; path = scene.gltf; sourceTree = "<group>"; };
		85B50FDD2A4AE23200652106 /* scene.bin */ = {isa = PBXFileReference; lastKnownFileType = archive.macbinary; path = scene.bin; sourceTree = "<group>"; };
		85B50FE02A4AE29300652106 /* base.png */ = {isa = PBXFileReference; lastKnownFileType = image.png; path = base.png; sourceTree = "<group>"; };
/* End PBXFileReference section */

/* Begin PBXFrameworksBuildPhase section */
		85B50FBC2A4AC90C00652106 /* Frameworks */ = {
			isa = PBXFrameworksBuildPhase;
			buildActionMask = 2147483647;
			files = (
				85B50FD72A4ADF1E00652106 /* Model3DView in Frameworks */,
			);
			runOnlyForDeploymentPostprocessing = 0;
		};
/* End PBXFrameworksBuildPhase section */

/* Begin PBXGroup section */
		85B50FB62A4AC90C00652106 = {
			isa = PBXGroup;
			children = (
				85B50FC12A4AC90D00652106 /* stargazing */,
				85B50FC02A4AC90D00652106 /* Products */,
			);
			sourceTree = "<group>";
		};
		85B50FC02A4AC90D00652106 /* Products */ = {
			isa = PBXGroup;
			children = (
				85B50FBF2A4AC90D00652106 /* stargazing.app */,
			);
			name = Products;
			sourceTree = "<group>";
		};
		85B50FC12A4AC90D00652106 /* stargazing */ = {
			isa = PBXGroup;
			children = (
				85B50FE02A4AE29300652106 /* base.png */,
				85B50FDD2A4AE23200652106 /* scene.bin */,
				85B50FDC2A4AE23200652106 /* scene.gltf */,
				85B50FC22A4AC90D00652106 /* stargazingApp.swift */,
				85B50FC42A4AC90D00652106 /* ContentView.swift */,
				85B50FC62A4AC90D00652106 /* Assets.xcassets */,
				85B50FCB2A4AC90D00652106 /* Persistence.swift */,
				85B50FCD2A4AC90D00652106 /* stargazing.xcdatamodeld */,
				85B50FC82A4AC90D00652106 /* Preview Content */,
			);
			path = stargazing;
			sourceTree = "<group>";
		};
		85B50FC82A4AC90D00652106 /* Preview Content */ = {
			isa = PBXGroup;
			children = (
				85B50FC92A4AC90D00652106 /* Preview Assets.xcassets */,
			);
			path = "Preview Content";
			sourceTree = "<group>";
		};
/* End PBXGroup section */

/* Begin PBXNativeTarget section */
		85B50FBE2A4AC90C00652106 /* stargazing */ = {
			isa = PBXNativeTarget;
			buildConfigurationList = 85B50FD22A4AC90D00652106 /* Build configuration list for PBXNativeTarget "stargazing" */;
			buildPhases = (
				85B50FBB2A4AC90C00652106 /* Sources */,
				85B50FBC2A4AC90C00652106 /* Frameworks */,
				85B50FBD2A4AC90C00652106 /* Resources */,
			);
			buildRules = (
			);
			dependencies = (
			);
			name = stargazing;
			packageProductDependencies = (
				85B50FD62A4ADF1E00652106 /* Model3DView */,
			);
			productName = stargazing;
			productReference = 85B50FBF2A4AC90D00652106 /* stargazing.app */;
			productType = "com.apple.product-type.application";
		};
/* End PBXNativeTarget section */

/* Begin PBXProject section */
		85B50FB72A4AC90C00652106 /* Project object */ = {
			isa = PBXProject;
			attributes = {
				BuildIndependentTargetsInParallel = 1;
				LastSwiftUpdateCheck = 1430;
				LastUpgradeCheck = 1430;
				TargetAttributes = {
					85B50FBE2A4AC90C00652106 = {
						CreatedOnToolsVersion = 14.3.1;
					};
				};
			};
			buildConfigurationList = 85B50FBA2A4AC90C00652106 /* Build configuration list for PBXProject "stargazing" */;
			compatibilityVersion = "Xcode 14.0";
			developmentRegion = en;
			hasScannedForEncodings = 0;
			knownRegions = (
				en,
				Base,
			);
			mainGroup = 85B50FB62A4AC90C00652106;
			packageReferences = (
				85B50FD52A4ADF1E00652106 /* XCRemoteSwiftPackageReference "Model3DView" */,
			);
			productRefGroup = 85B50FC02A4AC90D00652106 /* Products */;
			projectDirPath = "";
			projectRoot = "";
			targets = (
				85B50FBE2A4AC90C00652106 /* stargazing */,
			);
		};
/* End PBXProject section */

/* Begin PBXResourcesBuildPhase section */
		85B50FBD2A4AC90C00652106 /* Resources */ = {
			isa = PBXResourcesBuildPhase;
			buildActionMask = 2147483647;
			files = (
				85B50FCA2A4AC90D00652106 /* Preview Assets.xcassets in Resources */,
				85B50FE12A4AE29300652106 /* base.png in Resources */,
				85B50FC72A4AC90D00652106 /* Assets.xcassets in Resources */,
				85B50FDF2A4AE23200652106 /* scene.bin in Resources */,
				85B50FDE2A4AE23200652106 /* scene.gltf in Resources */,
			);
			runOnlyForDeploymentPostprocessing = 0;
		};
/* End PBXResourcesBuildPhase section */

/* Begin PBXSourcesBuildPhase section */
		85B50FBB2A4AC90C00652106 /* Sources */ = {
			isa = PBXSourcesBuildPhase;
			buildActionMask = 2147483647;
			files = (
				85B50FCC2A4AC90D00652106 /* Persistence.swift in Sources */,
				85B50FCF2A4AC90D00652106 /* stargazing.xcdatamodeld in Sources */,
				85B50FC52A4AC90D00652106 /* ContentView.swift in Sources */,
				85B50FC32A4AC90D00652106 /* stargazingApp.swift in Sources */,
			);
			runOnlyForDeploymentPostprocessing = 0;
		};
/* End PBXSourcesBuildPhase section */

/* Begin XCBuildConfiguration section */
		85B50FD02A4AC90D00652106 /* Debug */ = {
			isa = XCBuildConfiguration;
			buildSettings = {
				ALWAYS_SEARCH_USER_PATHS = NO;
				CLANG_ANALYZER_NONNULL = YES;
				CLANG_ANALYZER_NUMBER_OBJECT_CONVERSION = YES_AGGRESSIVE;
				CLANG_CXX_LANGUAGE_STANDARD = "gnu++20";
				CLANG_ENABLE_MODULES = YES;
				CLANG_ENABLE_OBJC_ARC = YES;
				CLANG_ENABLE_OBJC_WEAK = YES;
				CLANG_WARN_BLOCK_CAPTURE_AUTORELEASING = YES;
				CLANG_WARN_BOOL_CONVERSION = YES;
				CLANG_WARN_COMMA = YES;
				CLANG_WARN_CONSTANT_CONVERSION = YES;
				CLANG_WARN_DEPRECATED_OBJC_IMPLEMENTATIONS = YES;
				CLANG_WARN_DIRECT_OBJC_ISA_USAGE = YES_ERROR;
				CLANG_WARN_DOCUMENTATION_COMMENTS = YES;
				CLANG_WARN_EMPTY_BODY = YES;
				CLANG_WARN_ENUM_CONVERSION = YES;
				CLANG_WARN_INFINITE_RECURSION = YES;
				CLANG_WARN_INT_CONVERSION = YES;
				CLANG_WARN_NON_LITERAL_NULL_CONVERSION = YES;
				CLANG_WARN_OBJC_IMPLICIT_RETAIN_SELF = YES;
				CLANG_WARN_OBJC_LITERAL_CONVERSION = YES;
				CLANG_WARN_OBJC_ROOT_CLASS = YES_ERROR;
				CLANG_WARN_QUOTED_INCLUDE_IN_FRAMEWORK_HEADER = YES;
				CLANG_WARN_RANGE_LOOP_ANALYSIS = YES;
				CLANG_WARN_STRICT_PROTOTYPES = YES;
				CLANG_WARN_SUSPICIOUS_MOVE = YES;
				CLANG_WARN_UNGUARDED_AVAILABILITY = YES_AGGRESSIVE;
				CLANG_WARN_UNREACHABLE_CODE = YES;
				CLANG_WARN__DUPLICATE_METHOD_MATCH = YES;
				COPY_PHASE_STRIP = NO;
				DEBUG_INFORMATION_FORMAT = dwarf;
				ENABLE_STRICT_OBJC_MSGSEND = YES;
				ENABLE_TESTABILITY = YES;
				GCC_C_LANGUAGE_STANDARD = gnu11;
				GCC_DYNAMIC_NO_PIC = NO;
				GCC_NO_COMMON_BLOCKS = YES;
				GCC_OPTIMIZATION_LEVEL = 0;
				GCC_PREPROCESSOR_DEFINITIONS = (
					"DEBUG=1",
					"$(inherited)",
				);
				GCC_WARN_64_TO_32_BIT_CONVERSION = YES;
				GCC_WARN_ABOUT_RETURN_TYPE = YES_ERROR;
				GCC_WARN_UNDECLARED_SELECTOR = YES;
				GCC_WARN_UNINITIALIZED_AUTOS = YES_AGGRESSIVE;
				GCC_WARN_UNUSED_FUNCTION = YES;
				GCC_WARN_UNUSED_VARIABLE = YES;
				IPHONEOS_DEPLOYMENT_TARGET = 16.4;
				MTL_ENABLE_DEBUG_INFO = INCLUDE_SOURCE;
				MTL_FAST_MATH = YES;
				ONLY_ACTIVE_ARCH = YES;
				SDKROOT = iphoneos;
				SWIFT_ACTIVE_COMPILATION_CONDITIONS = DEBUG;
				SWIFT_OPTIMIZATION_LEVEL = "-Onone";
			};
			name = Debug;
		};
		85B50FD12A4AC90D00652106 /* Release */ = {
			isa = XCBuildConfiguration;
			buildSettings = {
				ALWAYS_SEARCH_USER_PATHS = NO;
				CLANG_ANALYZER_NONNULL = YES;
				CLANG_ANALYZER_NUMBER_OBJECT_CONVERSION = YES_AGGRESSIVE;
				CLANG_CXX_LANGUAGE_STANDARD = "gnu++20";
				CLANG_ENABLE_MODULES = YES;
				CLANG_ENABLE_OBJC_ARC = YES;
				CLANG_ENABLE_OBJC_WEAK = YES;
				CLANG_WARN_BLOCK_CAPTURE_AUTORELEASING = YES;
				CLANG_WARN_BOOL_CONVERSION = YES;
				CLANG_WARN_COMMA = YES;
				CLANG_WARN_CONSTANT_CONVERSION = YES;
				CLANG_WARN_DEPRECATED_OBJC_IMPLEMENTATIONS = YES;
				CLANG_WARN_DIRECT_OBJC_ISA_USAGE = YES_ERROR;
				CLANG_WARN_DOCUMENTATION_COMMENTS = YES;
				CLANG_WARN_EMPTY_BODY = YES;
				CLANG_WARN_ENUM_CONVERSION = YES;
				CLANG_WARN_INFINITE_RECURSION = YES;
				CLANG_WARN_INT_CONVERSION = YES;
				CLANG_WARN_NON_LITERAL_NULL_CONVERSION = YES;
				CLANG_WARN_OBJC_IMPLICIT_RETAIN_SELF = YES;
				CLANG_WARN_OBJC_LITERAL_CONVERSION = YES;
				CLANG_WARN_OBJC_ROOT_CLASS = YES_ERROR;
				CLANG_WARN_QUOTED_INCLUDE_IN_FRAMEWORK_HEADER = YES;
				CLANG_WARN_RANGE_LOOP_ANALYSIS = YES;
				CLANG_WARN_STRICT_PROTOTYPES = YES;
				CLANG_WARN_SUSPICIOUS_MOVE = YES;
				CLANG_WARN_UNGUARDED_AVAILABILITY = YES_AGGRESSIVE;
				CLANG_WARN_UNREACHABLE_CODE = YES;
				CLANG_WARN__DUPLICATE_METHOD_MATCH = YES;
				COPY_PHASE_STRIP = NO;
				DEBUG_INFORMATION_FORMAT = "dwarf-with-dsym";
				ENABLE_NS_ASSERTIONS = NO;
				ENABLE_STRICT_OBJC_MSGSEND = YES;
				GCC_C_LANGUAGE_STANDARD = gnu11;
				GCC_NO_COMMON_BLOCKS = YES;
				GCC_WARN_64_TO_32_BIT_CONVERSION = YES;
				GCC_WARN_ABOUT_RETURN_TYPE = YES_ERROR;
				GCC_WARN_UNDECLARED_SELECTOR = YES;
				GCC_WARN_UNINITIALIZED_AUTOS = YES_AGGRESSIVE;
				GCC_WARN_UNUSED_FUNCTION = YES;
				GCC_WARN_UNUSED_VARIABLE = YES;
				IPHONEOS_DEPLOYMENT_TARGET = 16.4;
				MTL_ENABLE_DEBUG_INFO = NO;
				MTL_FAST_MATH = YES;
				SDKROOT = iphoneos;
				SWIFT_COMPILATION_MODE = wholemodule;
				SWIFT_OPTIMIZATION_LEVEL = "-O";
				VALIDATE_PRODUCT = YES;
			};
			name = Release;
		};
		85B50FD32A4AC90D00652106 /* Debug */ = {
			isa = XCBuildConfiguration;
			buildSettings = {
				ASSETCATALOG_COMPILER_APPICON_NAME = AppIcon;
				ASSETCATALOG_COMPILER_GLOBAL_ACCENT_COLOR_NAME = AccentColor;
				CODE_SIGN_STYLE = Automatic;
				CURRENT_PROJECT_VERSION = 1;
				DEVELOPMENT_ASSET_PATHS = "\"stargazing/Preview Content\"";
				DEVELOPMENT_TEAM = S3FH967GMD;
				ENABLE_PREVIEWS = YES;
				GENERATE_INFOPLIST_FILE = YES;
				INFOPLIST_KEY_UIApplicationSceneManifest_Generation = YES;
				INFOPLIST_KEY_UIApplicationSupportsIndirectInputEvents = YES;
				INFOPLIST_KEY_UILaunchScreen_Generation = YES;
				INFOPLIST_KEY_UIRequiresFullScreen = YES;
				INFOPLIST_KEY_UISupportedInterfaceOrientations = UIInterfaceOrientationPortrait;
				LD_RUNPATH_SEARCH_PATHS = (
					"$(inherited)",
					"@executable_path/Frameworks",
				);
				MARKETING_VERSION = 1.0;
				PRODUCT_BUNDLE_IDENTIFIER = stargazing.stargazing;
				PRODUCT_NAME = "$(TARGET_NAME)";
				SWIFT_EMIT_LOC_STRINGS = YES;
				SWIFT_VERSION = 5.0;
				TARGETED_DEVICE_FAMILY = "1,2";
			};
			name = Debug;
		};
		85B50FD42A4AC90D00652106 /* Release */ = {
			isa = XCBuildConfiguration;
			buildSettings = {
				ASSETCATALOG_COMPILER_APPICON_NAME = AppIcon;
				ASSETCATALOG_COMPILER_GLOBAL_ACCENT_COLOR_NAME = AccentColor;
				CODE_SIGN_STYLE = Automatic;
				CURRENT_PROJECT_VERSION = 1;
				DEVELOPMENT_ASSET_PATHS = "\"stargazing/Preview Content\"";
				DEVELOPMENT_TEAM = S3FH967GMD;
				ENABLE_PREVIEWS = YES;
				GENERATE_INFOPLIST_FILE = YES;
				INFOPLIST_KEY_UIApplicationSceneManifest_Generation = YES;
				INFOPLIST_KEY_UIApplicationSupportsIndirectInputEvents = YES;
				INFOPLIST_KEY_UILaunchScreen_Generation = YES;
				INFOPLIST_KEY_UIRequiresFullScreen = YES;
				INFOPLIST_KEY_UISupportedInterfaceOrientations = UIInterfaceOrientationPortrait;
				LD_RUNPATH_SEARCH_PATHS = (
					"$(inherited)",
					"@executable_path/Frameworks",
				);
				MARKETING_VERSION = 1.0;
				PRODUCT_BUNDLE_IDENTIFIER = stargazing.stargazing;
				PRODUCT_NAME = "$(TARGET_NAME)";
				SWIFT_EMIT_LOC_STRINGS = YES;
				SWIFT_VERSION = 5.0;
				TARGETED_DEVICE_FAMILY = "1,2";
			};
			name = Release;
		};
/* End XCBuildConfiguration section */

/* Begin XCConfigurationList section */
		85B50FBA2A4AC90C00652106 /* Build configuration list for PBXProject "stargazing" */ = {
			isa = XCConfigurationList;
			buildConfigurations = (
				85B50FD02A4AC90D00652106 /* Debug */,
				85B50FD12A4AC90D00652106 /* Release */,
			);
			defaultConfigurationIsVisible = 0;
			defaultConfigurationName = Release;
		};
		85B50FD22A4AC90D00652106 /* Build configuration list for PBXNativeTarget "stargazing" */ = {
			isa = XCConfigurationList;
			buildConfigurations = (
				85B50FD32A4AC90D00652106 /* Debug */,
				85B50FD42A4AC90D00652106 /* Release */,
			);
			defaultConfigurationIsVisible = 0;
			defaultConfigurationName = Release;
		};
/* End XCConfigurationList section */

/* Begin XCRemoteSwiftPackageReference section */
		85B50FD52A4ADF1E00652106 /* XCRemoteSwiftPackageReference "Model3DView" */ = {
			isa = XCRemoteSwiftPackageReference;
			repositoryURL = "https://github.com/frzi/Model3DView.git";
			requirement = {
				kind = upToNextMajorVersion;
				minimumVersion = 0.1.1;
			};
		};
/* End XCRemoteSwiftPackageReference section */

/* Begin XCSwiftPackageProductDependency section */
		85B50FD62A4ADF1E00652106 /* Model3DView */ = {
			isa = XCSwiftPackageProductDependency;
			package = 85B50FD52A4ADF1E00652106 /* XCRemoteSwiftPackageReference "Model3DView" */;
			productName = Model3DView;
		};
/* End XCSwiftPackageProductDependency section */

/* Begin XCVersionGroup section */
		85B50FCD2A4AC90D00652106 /* stargazing.xcdatamodeld */ = {
			isa = XCVersionGroup;
			children = (
				85B50FCE2A4AC90D00652106 /* stargazing.xcdatamodel */,
			);
			currentVersion = 85B50FCE2A4AC90D00652106 /* stargazing.xcdatamodel */;
			path = stargazing.xcdatamodeld;
			sourceTree = "<group>";
			versionGroupType = wrapper.xcdatamodel;
		};
/* End XCVersionGroup section */
	};
	rootObject = 85B50FB72A4AC90C00652106 /* Project object */;
}
